
Microsoft Visual Studio Solution File, Format Version 12.00
# Visual Studio 15
VisualStudioVersion = 15.0.28010.2036
MinimumVisualStudioVersion = 10.0.40219.1
Project("{FAE04EC0-301F-11D3-BF4B-00C04F79EFBC}") = "MasterForm", "MasterForm\MasterForm.csproj", "{FA4766D0-6190-40C6-A0BE-1688F896A72D}"
EndProject
Project("{FAE04EC0-301F-11D3-BF4B-00C04F79EFBC}") = "DataAccesslayer", "DataAccesslayer\DataAccesslayer.csproj", "{755C6584-AA0E-45D7-91ED-568B1E5503C7}"
EndProject
Project("{FAE04EC0-301F-11D3-BF4B-00C04F79EFBC}") = "BussinessLogiclayer", "BussinessLogiclayer\BussinessLogiclayer.csproj", "{877BDF6B-DD6C-4C63-9627-A73CE07A84A0}"
EndProject
Project("{FAE04EC0-301F-11D3-BF4B-00C04F79EFBC}") = "WinFormsSyntaxHighlighter", "WinFormsSyntaxHighlighter\WinFormsSyntaxHighlighter.csproj", "{A84B044A-F5DD-4220-BAFF-A18F17585E31}"
EndProject
Global
	GlobalSection(SolutionConfigurationPlatforms) = preSolution
		Debug|Any CPU = Debug|Any CPU
		Release|Any CPU = Release|Any CPU
	EndGlobalSection
	GlobalSection(ProjectConfigurationPlatforms) = postSolution
		{FA4766D0-6190-40C6-A0BE-1688F896A72D}.Debug|Any CPU.ActiveCfg = Debug|Any CPU
		{FA4766D0-6190-40C6-A0BE-1688F896A72D}.Debug|Any CPU.Build.0 = Debug|Any CPU
		{FA4766D0-6190-40C6-A0BE-1688F896A72D}.Release|Any CPU.ActiveCfg = Release|Any CPU
		{FA4766D0-6190-40C6-A0BE-1688F896A72D}.Release|Any CPU.Build.0 = Release|Any CPU
		{755C6584-AA0E-45D7-91ED-568B1E5503C7}.Debug|Any CPU.ActiveCfg = Debug|Any CPU
		{755C6584-AA0E-45D7-91ED-568B1E5503C7}.Debug|Any CPU.Build.0 = Debug|Any CPU
		{755C6584-AA0E-45D7-91ED-568B1E5503C7}.Release|Any CPU.ActiveCfg = Release|Any CPU
		{755C6584-AA0E-45D7-91ED-568B1E5503C7}.Release|Any CPU.Build.0 = Release|Any CPU
		{877BDF6B-DD6C-4C63-9627-A73CE07A84A0}.Debug|Any CPU.ActiveCfg = Debug|Any CPU
		{877BDF6B-DD6C-4C63-9627-A73CE07A84A0}.Debug|Any CPU.Build.0 = Debug|Any CPU
		{877BDF6B-DD6C-4C63-9627-A73CE07A84A0}.Release|Any CPU.ActiveCfg = Release|Any CPU
		{877BDF6B-DD6C-4C63-9627-A73CE07A84A0}.Release|Any CPU.Build.0 = Release|Any CPU
		{A84B044A-F5DD-4220-BAFF-A18F17585E31}.Debug|Any CPU.ActiveCfg = Debug|Any CPU
		{A84B044A-F5DD-4220-BAFF-A18F17585E31}.Debug|Any CPU.Build.0 = Debug|Any CPU
		{A84B044A-F5DD-4220-BAFF-A18F17585E31}.Release|Any CPU.ActiveCfg = Release|Any CPU
		{A84B044A-F5DD-4220-BAFF-A18F17585E31}.Release|Any CPU.Build.0 = Release|Any CPU
	EndGlobalSection
	GlobalSection(SolutionProperties) = preSolution
		HideSolutionNode = FALSE
	EndGlobalSection
	GlobalSection(ExtensibilityGlobals) = postSolution
		SolutionGuid = {ADBB1990-FC62-4DA9-94C3-2CD4E6765A31}
	EndGlobalSection
EndGlobal
